
Microsoft Visual Studio Solution File, Format Version 12.00
# Visual Studio Version 16
VisualStudioVersion = 16.0.30523.141
MinimumVisualStudioVersion = 10.0.40219.1
Project("{FAE04EC0-301F-11D3-BF4B-00C04F79EFBC}") = "ConsoleApp8", "ConsoleApp8.csproj", "{34D7A1E1-F0B0-4D24-A4C8-E87A6D1A8C1B}"
EndProject
Global
	GlobalSection(SolutionConfigurationPlatforms) = preSolution
		Debug|Any CPU = Debug|Any CPU
		Release|Any CPU = Release|Any CPU
	EndGlobalSection
	GlobalSection(ProjectConfigurationPlatforms) = postSolution
		{34D7A1E1-F0B0-4D24-A4C8-E87A6D1A8C1B}.Debug|Any CPU.ActiveCfg = Debug|Any CPU
		{34D7A1E1-F0B0-4D24-A4C8-E87A6D1A8C1B}.Debug|Any CPU.Build.0 = Debug|Any CPU
		{34D7A1E1-F0B0-4D24-A4C8-E87A6D1A8C1B}.Release|Any CPU.ActiveCfg = Release|Any CPU
		{34D7A1E1-F0B0-4D24-A4C8-E87A6D1A8C1B}.Release|Any CPU.Build.0 = Release|Any CPU
	EndGlobalSection
	GlobalSection(SolutionProperties) = preSolution
		HideSolutionNode = FALSE
	EndGlobalSection
	GlobalSection(ExtensibilityGlobals) = postSolution
		SolutionGuid = {B33743EF-FBD7-46AB-9F8B-73116BCD10EC}
	EndGlobalSection
EndGlobal
